// !$*UTF8*$!
{
	archiveVersion = 1;
	classes = {
	};
	objectVersion = 46;
	objects = {

/* Begin PBXBuildFile section */
		93411E97190B7807005E1977 /* libMiSnap.a in Frameworks */ = {isa = PBXBuildFile; fileRef = 93411E94190B7807005E1977 /* libMiSnap.a */; };
		93411E98190B7807005E1977 /* MiSnapResources.bundle in Resources */ = {isa = PBXBuildFile; fileRef = 93411E96190B7807005E1977 /* MiSnapResources.bundle */; };
		93411E99190B782A005E1977 /* MiSnapResources.bundle in Frameworks */ = {isa = PBXBuildFile; fileRef = 93411E96190B7807005E1977 /* MiSnapResources.bundle */; };
		93411EA9190B7A63005E1977 /* addCard.png in Resources */ = {isa = PBXBuildFile; fileRef = 93411E9A190B7A62005E1977 /* addCard.png */; };
		93411EAA190B7A63005E1977 /* aryaman.png in Resources */ = {isa = PBXBuildFile; fileRef = 93411E9B190B7A62005E1977 /* aryaman.png */; };
		93411EAB190B7A63005E1977 /* backButton.png in Resources */ = {isa = PBXBuildFile; fileRef = 93411E9C190B7A62005E1977 /* backButton.png */; };
		93411EAC190B7A63005E1977 /* callIIcon.png in Resources */ = {isa = PBXBuildFile; fileRef = 93411E9D190B7A62005E1977 /* callIIcon.png */; };
		93411EAD190B7A63005E1977 /* emailIcon.png in Resources */ = {isa = PBXBuildFile; fileRef = 93411E9E190B7A62005E1977 /* emailIcon.png */; };
		93411EAE190B7A63005E1977 /* forgotButton.png in Resources */ = {isa = PBXBuildFile; fileRef = 93411E9F190B7A62005E1977 /* forgotButton.png */; };
		93411EAF190B7A63005E1977 /* linkedInIcon.png in Resources */ = {isa = PBXBuildFile; fileRef = 93411EA0190B7A62005E1977 /* linkedInIcon.png */; };
		93411EB0190B7A63005E1977 /* loginBack.png in Resources */ = {isa = PBXBuildFile; fileRef = 93411EA1190B7A62005E1977 /* loginBack.png */; };
		93411EB1190B7A63005E1977 /* loginButton.png in Resources */ = {isa = PBXBuildFile; fileRef = 93411EA2190B7A62005E1977 /* loginButton.png */; };
		93411EB2190B7A63005E1977 /* passIcon.png in Resources */ = {isa = PBXBuildFile; fileRef = 93411EA3190B7A62005E1977 /* passIcon.png */; };
		93411EB3190B7A63005E1977 /* profileBorder.png in Resources */ = {isa = PBXBuildFile; fileRef = 93411EA4190B7A63005E1977 /* profileBorder.png */; };
		93411EB4190B7A63005E1977 /* settingsIcon.png in Resources */ = {isa = PBXBuildFile; fileRef = 93411EA5190B7A63005E1977 /* settingsIcon.png */; };
		93411EB5190B7A63005E1977 /* shareIcon.png in Resources */ = {isa = PBXBuildFile; fileRef = 93411EA6190B7A63005E1977 /* shareIcon.png */; };
		93411EB6190B7A63005E1977 /* signUpButton.png in Resources */ = {isa = PBXBuildFile; fileRef = 93411EA7190B7A63005E1977 /* signUpButton.png */; };
		93411EB7190B7A63005E1977 /* testCard.png in Resources */ = {isa = PBXBuildFile; fileRef = 93411EA8190B7A63005E1977 /* testCard.png */; };
		939119D2190A05FC00EB5DDB /* Foundation.framework in Frameworks */ = {isa = PBXBuildFile; fileRef = 939119D1190A05FC00EB5DDB /* Foundation.framework */; };
		939119D4190A05FC00EB5DDB /* CoreGraphics.framework in Frameworks */ = {isa = PBXBuildFile; fileRef = 939119D3190A05FC00EB5DDB /* CoreGraphics.framework */; };
		939119D6190A05FC00EB5DDB /* UIKit.framework in Frameworks */ = {isa = PBXBuildFile; fileRef = 939119D5190A05FC00EB5DDB /* UIKit.framework */; };
		939119DC190A05FC00EB5DDB /* InfoPlist.strings in Resources */ = {isa = PBXBuildFile; fileRef = 939119DA190A05FC00EB5DDB /* InfoPlist.strings */; };
		939119DE190A05FC00EB5DDB /* main.m in Sources */ = {isa = PBXBuildFile; fileRef = 939119DD190A05FC00EB5DDB /* main.m */; };
		939119E2190A05FC00EB5DDB /* AppDelegate.m in Sources */ = {isa = PBXBuildFile; fileRef = 939119E1190A05FC00EB5DDB /* AppDelegate.m */; };
		939119E5190A05FC00EB5DDB /* Main.storyboard in Resources */ = {isa = PBXBuildFile; fileRef = 939119E3190A05FC00EB5DDB /* Main.storyboard */; };
		939119E8190A05FC00EB5DDB /* ViewController.m in Sources */ = {isa = PBXBuildFile; fileRef = 939119E7190A05FC00EB5DDB /* ViewController.m */; };
		939119EA190A05FC00EB5DDB /* Images.xcassets in Resources */ = {isa = PBXBuildFile; fileRef = 939119E9190A05FC00EB5DDB /* Images.xcassets */; };
		939119F1190A05FC00EB5DDB /* XCTest.framework in Frameworks */ = {isa = PBXBuildFile; fileRef = 939119F0190A05FC00EB5DDB /* XCTest.framework */; };
		939119F2190A05FC00EB5DDB /* Foundation.framework in Frameworks */ = {isa = PBXBuildFile; fileRef = 939119D1190A05FC00EB5DDB /* Foundation.framework */; };
		939119F3190A05FC00EB5DDB /* UIKit.framework in Frameworks */ = {isa = PBXBuildFile; fileRef = 939119D5190A05FC00EB5DDB /* UIKit.framework */; };
		939119FB190A05FC00EB5DDB /* InfoPlist.strings in Resources */ = {isa = PBXBuildFile; fileRef = 939119F9190A05FC00EB5DDB /* InfoPlist.strings */; };
		939119FD190A05FC00EB5DDB /* Mitek_HackathonTests.m in Sources */ = {isa = PBXBuildFile; fileRef = 939119FC190A05FC00EB5DDB /* Mitek_HackathonTests.m */; };
		93911A0B190A07BF00EB5DDB /* CreateAccountViewController.m in Sources */ = {isa = PBXBuildFile; fileRef = 93911A0A190A07BF00EB5DDB /* CreateAccountViewController.m */; };
		93911A0D190A152800EB5DDB /* Parse.framework in Frameworks */ = {isa = PBXBuildFile; fileRef = 93911A0C190A152800EB5DDB /* Parse.framework */; };
		93911A0F190A156700EB5DDB /* AudioToolbox.framework in Frameworks */ = {isa = PBXBuildFile; fileRef = 93911A0E190A156700EB5DDB /* AudioToolbox.framework */; };
		93911A11190A156C00EB5DDB /* CFNetwork.framework in Frameworks */ = {isa = PBXBuildFile; fileRef = 93911A10190A156C00EB5DDB /* CFNetwork.framework */; };
		93911A13190A157800EB5DDB /* CoreLocation.framework in Frameworks */ = {isa = PBXBuildFile; fileRef = 93911A12190A157800EB5DDB /* CoreLocation.framework */; };
		93911A15190A157F00EB5DDB /* libz.dylib in Frameworks */ = {isa = PBXBuildFile; fileRef = 93911A14190A157F00EB5DDB /* libz.dylib */; };
		93911A17190A158600EB5DDB /* MobileCoreServices.framework in Frameworks */ = {isa = PBXBuildFile; fileRef = 93911A16190A158600EB5DDB /* MobileCoreServices.framework */; };
		93911A19190A158C00EB5DDB /* QuartzCore.framework in Frameworks */ = {isa = PBXBuildFile; fileRef = 93911A18190A158C00EB5DDB /* QuartzCore.framework */; };
		93911A1B190A159200EB5DDB /* Security.framework in Frameworks */ = {isa = PBXBuildFile; fileRef = 93911A1A190A159200EB5DDB /* Security.framework */; };
		93911A1D190A159700EB5DDB /* StoreKit.framework in Frameworks */ = {isa = PBXBuildFile; fileRef = 93911A1C190A159700EB5DDB /* StoreKit.framework */; };
		93911A1F190A159D00EB5DDB /* SystemConfiguration.framework in Frameworks */ = {isa = PBXBuildFile; fileRef = 93911A1E190A159D00EB5DDB /* SystemConfiguration.framework */; };
		93911A27190B35F500EB5DDB /* CardViewController.m in Sources */ = {isa = PBXBuildFile; fileRef = 93911A26190B35F500EB5DDB /* CardViewController.m */; };
		93911A29190B39B900EB5DDB /* AVFoundation.framework in Frameworks */ = {isa = PBXBuildFile; fileRef = 93911A28190B39B900EB5DDB /* AVFoundation.framework */; };
		93911A2B190B39C700EB5DDB /* CoreImage.framework in Frameworks */ = {isa = PBXBuildFile; fileRef = 93911A2A190B39C700EB5DDB /* CoreImage.framework */; };
		93911A2D190B39CE00EB5DDB /* CoreMedia.framework in Frameworks */ = {isa = PBXBuildFile; fileRef = 93911A2C190B39CE00EB5DDB /* CoreMedia.framework */; };
		93911A2F190B39D600EB5DDB /* CoreMotion.framework in Frameworks */ = {isa = PBXBuildFile; fileRef = 93911A2E190B39D600EB5DDB /* CoreMotion.framework */; };
		93911A31190B39DD00EB5DDB /* CoreVideo.framework in Frameworks */ = {isa = PBXBuildFile; fileRef = 93911A30190B39DD00EB5DDB /* CoreVideo.framework */; };
		93F81717190B54AA004AB209 /* ImageIO.framework in Frameworks */ = {isa = PBXBuildFile; fileRef = 93F81716190B54AA004AB209 /* ImageIO.framework */; };
/* End PBXBuildFile section */

/* Begin PBXContainerItemProxy section */
		939119F4190A05FC00EB5DDB /* PBXContainerItemProxy */ = {
			isa = PBXContainerItemProxy;
			containerPortal = 939119C6190A05FC00EB5DDB /* Project object */;
			proxyType = 1;
			remoteGlobalIDString = 939119CD190A05FC00EB5DDB;
			remoteInfo = "Mitek Hackathon";
		};
/* End PBXContainerItemProxy section */

/* Begin PBXFileReference section */
		93411E94190B7807005E1977 /* libMiSnap.a */ = {isa = PBXFileReference; lastKnownFileType = archive.ar; name = libMiSnap.a; path = misnapsdk/libMiSnap.a; sourceTree = "<group>"; };
		93411E95190B7807005E1977 /* MiSnap.h */ = {isa = PBXFileReference; fileEncoding = 4; lastKnownFileType = sourcecode.c.h; name = MiSnap.h; path = misnapsdk/MiSnap.h; sourceTree = "<group>"; };
		93411E96190B7807005E1977 /* MiSnapResources.bundle */ = {isa = PBXFileReference; lastKnownFileType = "wrapper.plug-in"; name = MiSnapResources.bundle; path = misnapsdk/MiSnapResources.bundle; sourceTree = "<group>"; };
		93411E9A190B7A62005E1977 /* addCard.png */ = {isa = PBXFileReference; lastKnownFileType = image.png; path = addCard.png; sourceTree = "<group>"; };
		93411E9B190B7A62005E1977 /* aryaman.png */ = {isa = PBXFileReference; lastKnownFileType = image.png; path = aryaman.png; sourceTree = "<group>"; };
		93411E9C190B7A62005E1977 /* backButton.png */ = {isa = PBXFileReference; lastKnownFileType = image.png; path = backButton.png; sourceTree = "<group>"; };
		93411E9D190B7A62005E1977 /* callIIcon.png */ = {isa = PBXFileReference; lastKnownFileType = image.png; path = callIIcon.png; sourceTree = "<group>"; };
		93411E9E190B7A62005E1977 /* emailIcon.png */ = {isa = PBXFileReference; lastKnownFileType = image.png; path = emailIcon.png; sourceTree = "<group>"; };
		93411E9F190B7A62005E1977 /* forgotButton.png */ = {isa = PBXFileReference; lastKnownFileType = image.png; path = forgotButton.png; sourceTree = "<group>"; };
		93411EA0190B7A62005E1977 /* linkedInIcon.png */ = {isa = PBXFileReference; lastKnownFileType = image.png; path = linkedInIcon.png; sourceTree = "<group>"; };
		93411EA1190B7A62005E1977 /* loginBack.png */ = {isa = PBXFileReference; lastKnownFileType = image.png; path = loginBack.png; sourceTree = "<group>"; };
		93411EA2190B7A62005E1977 /* loginButton.png */ = {isa = PBXFileReference; lastKnownFileType = image.png; path = loginButton.png; sourceTree = "<group>"; };
		93411EA3190B7A62005E1977 /* passIcon.png */ = {isa = PBXFileReference; lastKnownFileType = image.png; path = passIcon.png; sourceTree = "<group>"; };
		93411EA4190B7A63005E1977 /* profileBorder.png */ = {isa = PBXFileReference; lastKnownFileType = image.png; path = profileBorder.png; sourceTree = "<group>"; };
		93411EA5190B7A63005E1977 /* settingsIcon.png */ = {isa = PBXFileReference; lastKnownFileType = image.png; path = settingsIcon.png; sourceTree = "<group>"; };
		93411EA6190B7A63005E1977 /* shareIcon.png */ = {isa = PBXFileReference; lastKnownFileType = image.png; path = shareIcon.png; sourceTree = "<group>"; };
		93411EA7190B7A63005E1977 /* signUpButton.png */ = {isa = PBXFileReference; lastKnownFileType = image.png; path = signUpButton.png; sourceTree = "<group>"; };
		93411EA8190B7A63005E1977 /* testCard.png */ = {isa = PBXFileReference; lastKnownFileType = image.png; path = testCard.png; sourceTree = "<group>"; };
		939119CE190A05FC00EB5DDB /* Mitek Hackathon.app */ = {isa = PBXFileReference; explicitFileType = wrapper.application; includeInIndex = 0; path = "Mitek Hackathon.app"; sourceTree = BUILT_PRODUCTS_DIR; };
		939119D1190A05FC00EB5DDB /* Foundation.framework */ = {isa = PBXFileReference; lastKnownFileType = wrapper.framework; name = Foundation.framework; path = System/Library/Frameworks/Foundation.framework; sourceTree = SDKROOT; };
		939119D3190A05FC00EB5DDB /* CoreGraphics.framework */ = {isa = PBXFileReference; lastKnownFileType = wrapper.framework; name = CoreGraphics.framework; path = System/Library/Frameworks/CoreGraphics.framework; sourceTree = SDKROOT; };
		939119D5190A05FC00EB5DDB /* UIKit.framework */ = {isa = PBXFileReference; lastKnownFileType = wrapper.framework; name = UIKit.framework; path = System/Library/Frameworks/UIKit.framework; sourceTree = SDKROOT; };
		939119D9190A05FC00EB5DDB /* Mitek Hackathon-Info.plist */ = {isa = PBXFileReference; lastKnownFileType = text.plist.xml; path = "Mitek Hackathon-Info.plist"; sourceTree = "<group>"; };
		939119DB190A05FC00EB5DDB /* en */ = {isa = PBXFileReference; lastKnownFileType = text.plist.strings; name = en; path = en.lproj/InfoPlist.strings; sourceTree = "<group>"; };
		939119DD190A05FC00EB5DDB /* main.m */ = {isa = PBXFileReference; lastKnownFileType = sourcecode.c.objc; path = main.m; sourceTree = "<group>"; };
		939119DF190A05FC00EB5DDB /* Mitek Hackathon-Prefix.pch */ = {isa = PBXFileReference; lastKnownFileType = sourcecode.c.h; path = "Mitek Hackathon-Prefix.pch"; sourceTree = "<group>"; };
		939119E0190A05FC00EB5DDB /* AppDelegate.h */ = {isa = PBXFileReference; lastKnownFileType = sourcecode.c.h; path = AppDelegate.h; sourceTree = "<group>"; };
		939119E1190A05FC00EB5DDB /* AppDelegate.m */ = {isa = PBXFileReference; lastKnownFileType = sourcecode.c.objc; path = AppDelegate.m; sourceTree = "<group>"; };
		939119E4190A05FC00EB5DDB /* Base */ = {isa = PBXFileReference; lastKnownFileType = file.storyboard; name = Base; path = Base.lproj/Main.storyboard; sourceTree = "<group>"; };
		939119E6190A05FC00EB5DDB /* ViewController.h */ = {isa = PBXFileReference; lastKnownFileType = sourcecode.c.h; path = ViewController.h; sourceTree = "<group>"; };
		939119E7190A05FC00EB5DDB /* ViewController.m */ = {isa = PBXFileReference; lastKnownFileType = sourcecode.c.objc; path = ViewController.m; sourceTree = "<group>"; };
		939119E9190A05FC00EB5DDB /* Images.xcassets */ = {isa = PBXFileReference; lastKnownFileType = folder.assetcatalog; path = Images.xcassets; sourceTree = "<group>"; };
		939119EF190A05FC00EB5DDB /* Mitek HackathonTests.xctest */ = {isa = PBXFileReference; explicitFileType = wrapper.cfbundle; includeInIndex = 0; path = "Mitek HackathonTests.xctest"; sourceTree = BUILT_PRODUCTS_DIR; };
		939119F0190A05FC00EB5DDB /* XCTest.framework */ = {isa = PBXFileReference; lastKnownFileType = wrapper.framework; name = XCTest.framework; path = Library/Frameworks/XCTest.framework; sourceTree = DEVELOPER_DIR; };
		939119F8190A05FC00EB5DDB /* Mitek HackathonTests-Info.plist */ = {isa = PBXFileReference; lastKnownFileType = text.plist.xml; path = "Mitek HackathonTests-Info.plist"; sourceTree = "<group>"; };
		939119FA190A05FC00EB5DDB /* en */ = {isa = PBXFileReference; lastKnownFileType = text.plist.strings; name = en; path = en.lproj/InfoPlist.strings; sourceTree = "<group>"; };
		939119FC190A05FC00EB5DDB /* Mitek_HackathonTests.m */ = {isa = PBXFileReference; lastKnownFileType = sourcecode.c.objc; path = Mitek_HackathonTests.m; sourceTree = "<group>"; };
		93911A09190A07BF00EB5DDB /* CreateAccountViewController.h */ = {isa = PBXFileReference; fileEncoding = 4; lastKnownFileType = sourcecode.c.h; path = CreateAccountViewController.h; sourceTree = "<group>"; };
		93911A0A190A07BF00EB5DDB /* CreateAccountViewController.m */ = {isa = PBXFileReference; fileEncoding = 4; lastKnownFileType = sourcecode.c.objc; path = CreateAccountViewController.m; sourceTree = "<group>"; };
		93911A0C190A152800EB5DDB /* Parse.framework */ = {isa = PBXFileReference; lastKnownFileType = wrapper.framework; path = Parse.framework; sourceTree = "<group>"; };
		93911A0E190A156700EB5DDB /* AudioToolbox.framework */ = {isa = PBXFileReference; lastKnownFileType = wrapper.framework; name = AudioToolbox.framework; path = System/Library/Frameworks/AudioToolbox.framework; sourceTree = SDKROOT; };
		93911A10190A156C00EB5DDB /* CFNetwork.framework */ = {isa = PBXFileReference; lastKnownFileType = wrapper.framework; name = CFNetwork.framework; path = System/Library/Frameworks/CFNetwork.framework; sourceTree = SDKROOT; };
		93911A12190A157800EB5DDB /* CoreLocation.framework */ = {isa = PBXFileReference; lastKnownFileType = wrapper.framework; name = CoreLocation.framework; path = System/Library/Frameworks/CoreLocation.framework; sourceTree = SDKROOT; };
		93911A14190A157F00EB5DDB /* libz.dylib */ = {isa = PBXFileReference; lastKnownFileType = "compiled.mach-o.dylib"; name = libz.dylib; path = usr/lib/libz.dylib; sourceTree = SDKROOT; };
		93911A16190A158600EB5DDB /* MobileCoreServices.framework */ = {isa = PBXFileReference; lastKnownFileType = wrapper.framework; name = MobileCoreServices.framework; path = System/Library/Frameworks/MobileCoreServices.framework; sourceTree = SDKROOT; };
		93911A18190A158C00EB5DDB /* QuartzCore.framework */ = {isa = PBXFileReference; lastKnownFileType = wrapper.framework; name = QuartzCore.framework; path = System/Library/Frameworks/QuartzCore.framework; sourceTree = SDKROOT; };
		93911A1A190A159200EB5DDB /* Security.framework */ = {isa = PBXFileReference; lastKnownFileType = wrapper.framework; name = Security.framework; path = System/Library/Frameworks/Security.framework; sourceTree = SDKROOT; };
		93911A1C190A159700EB5DDB /* StoreKit.framework */ = {isa = PBXFileReference; lastKnownFileType = wrapper.framework; name = StoreKit.framework; path = System/Library/Frameworks/StoreKit.framework; sourceTree = SDKROOT; };
		93911A1E190A159D00EB5DDB /* SystemConfiguration.framework */ = {isa = PBXFileReference; lastKnownFileType = wrapper.framework; name = SystemConfiguration.framework; path = System/Library/Frameworks/SystemConfiguration.framework; sourceTree = SDKROOT; };
		93911A25190B35F500EB5DDB /* CardViewController.h */ = {isa = PBXFileReference; fileEncoding = 4; lastKnownFileType = sourcecode.c.h; path = CardViewController.h; sourceTree = "<group>"; };
		93911A26190B35F500EB5DDB /* CardViewController.m */ = {isa = PBXFileReference; fileEncoding = 4; lastKnownFileType = sourcecode.c.objc; path = CardViewController.m; sourceTree = "<group>"; };
		93911A28190B39B900EB5DDB /* AVFoundation.framework */ = {isa = PBXFileReference; lastKnownFileType = wrapper.framework; name = AVFoundation.framework; path = System/Library/Frameworks/AVFoundation.framework; sourceTree = SDKROOT; };
		93911A2A190B39C700EB5DDB /* CoreImage.framework */ = {isa = PBXFileReference; lastKnownFileType = wrapper.framework; name = CoreImage.framework; path = System/Library/Frameworks/CoreImage.framework; sourceTree = SDKROOT; };
		93911A2C190B39CE00EB5DDB /* CoreMedia.framework */ = {isa = PBXFileReference; lastKnownFileType = wrapper.framework; name = CoreMedia.framework; path = System/Library/Frameworks/CoreMedia.framework; sourceTree = SDKROOT; };
		93911A2E190B39D600EB5DDB /* CoreMotion.framework */ = {isa = PBXFileReference; lastKnownFileType = wrapper.framework; name = CoreMotion.framework; path = System/Library/Frameworks/CoreMotion.framework; sourceTree = SDKROOT; };
		93911A30190B39DD00EB5DDB /* CoreVideo.framework */ = {isa = PBXFileReference; lastKnownFileType = wrapper.framework; name = CoreVideo.framework; path = System/Library/Frameworks/CoreVideo.framework; sourceTree = SDKROOT; };
		93F81716190B54AA004AB209 /* ImageIO.framework */ = {isa = PBXFileReference; lastKnownFileType = wrapper.framework; name = ImageIO.framework; path = System/Library/Frameworks/ImageIO.framework; sourceTree = SDKROOT; };
/* End PBXFileReference section */

/* Begin PBXFrameworksBuildPhase section */
		939119CB190A05FC00EB5DDB /* Frameworks */ = {
			isa = PBXFrameworksBuildPhase;
			buildActionMask = 2147483647;
			files = (
				93411E99190B782A005E1977 /* MiSnapResources.bundle in Frameworks */,
				93F81717190B54AA004AB209 /* ImageIO.framework in Frameworks */,
				93911A19190A158C00EB5DDB /* QuartzCore.framework in Frameworks */,
				93911A31190B39DD00EB5DDB /* CoreVideo.framework in Frameworks */,
				93911A2F190B39D600EB5DDB /* CoreMotion.framework in Frameworks */,
				93911A2D190B39CE00EB5DDB /* CoreMedia.framework in Frameworks */,
				93911A2B190B39C700EB5DDB /* CoreImage.framework in Frameworks */,
				939119D4190A05FC00EB5DDB /* CoreGraphics.framework in Frameworks */,
				93911A29190B39B900EB5DDB /* AVFoundation.framework in Frameworks */,
				93911A0F190A156700EB5DDB /* AudioToolbox.framework in Frameworks */,
				93911A1F190A159D00EB5DDB /* SystemConfiguration.framework in Frameworks */,
				93911A1D190A159700EB5DDB /* StoreKit.framework in Frameworks */,
				93911A1B190A159200EB5DDB /* Security.framework in Frameworks */,
				93911A17190A158600EB5DDB /* MobileCoreServices.framework in Frameworks */,
				93911A15190A157F00EB5DDB /* libz.dylib in Frameworks */,
				93911A13190A157800EB5DDB /* CoreLocation.framework in Frameworks */,
				93911A11190A156C00EB5DDB /* CFNetwork.framework in Frameworks */,
				939119D6190A05FC00EB5DDB /* UIKit.framework in Frameworks */,
				93411E97190B7807005E1977 /* libMiSnap.a in Frameworks */,
				93911A0D190A152800EB5DDB /* Parse.framework in Frameworks */,
				939119D2190A05FC00EB5DDB /* Foundation.framework in Frameworks */,
			);
			runOnlyForDeploymentPostprocessing = 0;
		};
		939119EC190A05FC00EB5DDB /* Frameworks */ = {
			isa = PBXFrameworksBuildPhase;
			buildActionMask = 2147483647;
			files = (
				939119F1190A05FC00EB5DDB /* XCTest.framework in Frameworks */,
				939119F3190A05FC00EB5DDB /* UIKit.framework in Frameworks */,
				939119F2190A05FC00EB5DDB /* Foundation.framework in Frameworks */,
			);
			runOnlyForDeploymentPostprocessing = 0;
		};
/* End PBXFrameworksBuildPhase section */

/* Begin PBXGroup section */
		939119C5190A05FC00EB5DDB = {
			isa = PBXGroup;
			children = (
				939119D7190A05FC00EB5DDB /* Mitek Hackathon */,
				939119F6190A05FC00EB5DDB /* Mitek HackathonTests */,
				939119D0190A05FC00EB5DDB /* Frameworks */,
				939119CF190A05FC00EB5DDB /* Products */,
			);
			sourceTree = "<group>";
		};
		939119CF190A05FC00EB5DDB /* Products */ = {
			isa = PBXGroup;
			children = (
				939119CE190A05FC00EB5DDB /* Mitek Hackathon.app */,
				939119EF190A05FC00EB5DDB /* Mitek HackathonTests.xctest */,
			);
			name = Products;
			sourceTree = "<group>";
		};
		939119D0190A05FC00EB5DDB /* Frameworks */ = {
			isa = PBXGroup;
			children = (
				93F81716190B54AA004AB209 /* ImageIO.framework */,
				93911A30190B39DD00EB5DDB /* CoreVideo.framework */,
				93911A2E190B39D600EB5DDB /* CoreMotion.framework */,
				93911A2C190B39CE00EB5DDB /* CoreMedia.framework */,
				93911A2A190B39C700EB5DDB /* CoreImage.framework */,
				93911A28190B39B900EB5DDB /* AVFoundation.framework */,
				93911A1E190A159D00EB5DDB /* SystemConfiguration.framework */,
				93911A1C190A159700EB5DDB /* StoreKit.framework */,
				93911A1A190A159200EB5DDB /* Security.framework */,
				93911A18190A158C00EB5DDB /* QuartzCore.framework */,
				93911A16190A158600EB5DDB /* MobileCoreServices.framework */,
				93911A14190A157F00EB5DDB /* libz.dylib */,
				93911A12190A157800EB5DDB /* CoreLocation.framework */,
				93911A10190A156C00EB5DDB /* CFNetwork.framework */,
				93911A0E190A156700EB5DDB /* AudioToolbox.framework */,
				93911A0C190A152800EB5DDB /* Parse.framework */,
				939119D1190A05FC00EB5DDB /* Foundation.framework */,
				939119D3190A05FC00EB5DDB /* CoreGraphics.framework */,
				939119D5190A05FC00EB5DDB /* UIKit.framework */,
				939119F0190A05FC00EB5DDB /* XCTest.framework */,
			);
			name = Frameworks;
			sourceTree = "<group>";
		};
		939119D7190A05FC00EB5DDB /* Mitek Hackathon */ = {
			isa = PBXGroup;
			children = (
				93411E94190B7807005E1977 /* libMiSnap.a */,
				93411E95190B7807005E1977 /* MiSnap.h */,
				93411E96190B7807005E1977 /* MiSnapResources.bundle */,
				939119E0190A05FC00EB5DDB /* AppDelegate.h */,
				939119E1190A05FC00EB5DDB /* AppDelegate.m */,
				939119E3190A05FC00EB5DDB /* Main.storyboard */,
				93911A25190B35F500EB5DDB /* CardViewController.h */,
				93911A26190B35F500EB5DDB /* CardViewController.m */,
				939119E6190A05FC00EB5DDB /* ViewController.h */,
				939119E7190A05FC00EB5DDB /* ViewController.m */,
				93911A09190A07BF00EB5DDB /* CreateAccountViewController.h */,
				93911A0A190A07BF00EB5DDB /* CreateAccountViewController.m */,
				939119E9190A05FC00EB5DDB /* Images.xcassets */,
				939119D8190A05FC00EB5DDB /* Supporting Files */,
			);
			path = "Mitek Hackathon";
			sourceTree = "<group>";
		};
		939119D8190A05FC00EB5DDB /* Supporting Files */ = {
			isa = PBXGroup;
			children = (
				93911A06190A078900EB5DDB /* Images */,
				939119D9190A05FC00EB5DDB /* Mitek Hackathon-Info.plist */,
				939119DA190A05FC00EB5DDB /* InfoPlist.strings */,
				939119DD190A05FC00EB5DDB /* main.m */,
				939119DF190A05FC00EB5DDB /* Mitek Hackathon-Prefix.pch */,
			);
			name = "Supporting Files";
			sourceTree = "<group>";
		};
		939119F6190A05FC00EB5DDB /* Mitek HackathonTests */ = {
			isa = PBXGroup;
			children = (
				939119FC190A05FC00EB5DDB /* Mitek_HackathonTests.m */,
				939119F7190A05FC00EB5DDB /* Supporting Files */,
			);
			path = "Mitek HackathonTests";
			sourceTree = "<group>";
		};
		939119F7190A05FC00EB5DDB /* Supporting Files */ = {
			isa = PBXGroup;
			children = (
				939119F8190A05FC00EB5DDB /* Mitek HackathonTests-Info.plist */,
				939119F9190A05FC00EB5DDB /* InfoPlist.strings */,
			);
			name = "Supporting Files";
			sourceTree = "<group>";
		};
		93911A06190A078900EB5DDB /* Images */ = {
			isa = PBXGroup;
			children = (
				93411E9A190B7A62005E1977 /* addCard.png */,
				93411E9B190B7A62005E1977 /* aryaman.png */,
				93411E9C190B7A62005E1977 /* backButton.png */,
				93411E9D190B7A62005E1977 /* callIIcon.png */,
				93411E9E190B7A62005E1977 /* emailIcon.png */,
				93411E9F190B7A62005E1977 /* forgotButton.png */,
				93411EA0190B7A62005E1977 /* linkedInIcon.png */,
				93411EA1190B7A62005E1977 /* loginBack.png */,
				93411EA2190B7A62005E1977 /* loginButton.png */,
				93411EA3190B7A62005E1977 /* passIcon.png */,
				93411EA4190B7A63005E1977 /* profileBorder.png */,
				93411EA5190B7A63005E1977 /* settingsIcon.png */,
				93411EA6190B7A63005E1977 /* shareIcon.png */,
				93411EA7190B7A63005E1977 /* signUpButton.png */,
				93411EA8190B7A63005E1977 /* testCard.png */,
			);
			name = Images;
			sourceTree = "<group>";
		};
/* End PBXGroup section */

/* Begin PBXNativeTarget section */
		939119CD190A05FC00EB5DDB /* Mitek Hackathon */ = {
			isa = PBXNativeTarget;
			buildConfigurationList = 93911A00190A05FC00EB5DDB /* Build configuration list for PBXNativeTarget "Mitek Hackathon" */;
			buildPhases = (
				939119CA190A05FC00EB5DDB /* Sources */,
				939119CC190A05FC00EB5DDB /* Resources */,
				939119CB190A05FC00EB5DDB /* Frameworks */,
			);
			buildRules = (
			);
			dependencies = (
			);
			name = "Mitek Hackathon";
			productName = "Mitek Hackathon";
			productReference = 939119CE190A05FC00EB5DDB /* Mitek Hackathon.app */;
			productType = "com.apple.product-type.application";
		};
		939119EE190A05FC00EB5DDB /* Mitek HackathonTests */ = {
			isa = PBXNativeTarget;
			buildConfigurationList = 93911A03190A05FC00EB5DDB /* Build configuration list for PBXNativeTarget "Mitek HackathonTests" */;
			buildPhases = (
				939119EB190A05FC00EB5DDB /* Sources */,
				939119EC190A05FC00EB5DDB /* Frameworks */,
				939119ED190A05FC00EB5DDB /* Resources */,
			);
			buildRules = (
			);
			dependencies = (
				939119F5190A05FC00EB5DDB /* PBXTargetDependency */,
			);
			name = "Mitek HackathonTests";
			productName = "Mitek HackathonTests";
			productReference = 939119EF190A05FC00EB5DDB /* Mitek HackathonTests.xctest */;
			productType = "com.apple.product-type.bundle.unit-test";
		};
/* End PBXNativeTarget section */

/* Begin PBXProject section */
		939119C6190A05FC00EB5DDB /* Project object */ = {
			isa = PBXProject;
			attributes = {
				LastUpgradeCheck = 0510;
				ORGANIZATIONNAME = "Tempest Vision";
				TargetAttributes = {
					939119EE190A05FC00EB5DDB = {
						TestTargetID = 939119CD190A05FC00EB5DDB;
					};
				};
			};
			buildConfigurationList = 939119C9190A05FC00EB5DDB /* Build configuration list for PBXProject "Mitek Hackathon" */;
			compatibilityVersion = "Xcode 3.2";
			developmentRegion = English;
			hasScannedForEncodings = 0;
			knownRegions = (
				en,
				Base,
			);
			mainGroup = 939119C5190A05FC00EB5DDB;
			productRefGroup = 939119CF190A05FC00EB5DDB /* Products */;
			projectDirPath = "";
			projectRoot = "";
			targets = (
				939119CD190A05FC00EB5DDB /* Mitek Hackathon */,
				939119EE190A05FC00EB5DDB /* Mitek HackathonTests */,
			);
		};
/* End PBXProject section */

/* Begin PBXResourcesBuildPhase section */
		939119CC190A05FC00EB5DDB /* Resources */ = {
			isa = PBXResourcesBuildPhase;
			buildActionMask = 2147483647;
			files = (
				939119EA190A05FC00EB5DDB /* Images.xcassets in Resources */,
				93411EA9190B7A63005E1977 /* addCard.png in Resources */,
				93411E98190B7807005E1977 /* MiSnapResources.bundle in Resources */,
				93411EB3190B7A63005E1977 /* profileBorder.png in Resources */,
				93411EB4190B7A63005E1977 /* settingsIcon.png in Resources */,
				93411EAA190B7A63005E1977 /* aryaman.png in Resources */,
				93411EB0190B7A63005E1977 /* loginBack.png in Resources */,
				93411EAD190B7A63005E1977 /* emailIcon.png in Resources */,
				93411EB7190B7A63005E1977 /* testCard.png in Resources */,
				939119DC190A05FC00EB5DDB /* InfoPlist.strings in Resources */,
				93411EAB190B7A63005E1977 /* backButton.png in Resources */,
				93411EB6190B7A63005E1977 /* signUpButton.png in Resources */,
				93411EB2190B7A63005E1977 /* passIcon.png in Resources */,
				93411EB1190B7A63005E1977 /* loginButton.png in Resources */,
				939119E5190A05FC00EB5DDB /* Main.storyboard in Resources */,
				93411EAC190B7A63005E1977 /* callIIcon.png in Resources */,
				93411EAF190B7A63005E1977 /* linkedInIcon.png in Resources */,
				93411EB5190B7A63005E1977 /* shareIcon.png in Resources */,
				93411EAE190B7A63005E1977 /* forgotButton.png in Resources */,
			);
			runOnlyForDeploymentPostprocessing = 0;
		};
		939119ED190A05FC00EB5DDB /* Resources */ = {
			isa = PBXResourcesBuildPhase;
			buildActionMask = 2147483647;
			files = (
				939119FB190A05FC00EB5DDB /* InfoPlist.strings in Resources */,
			);
			runOnlyForDeploymentPostprocessing = 0;
		};
/* End PBXResourcesBuildPhase section */

/* Begin PBXSourcesBuildPhase section */
		939119CA190A05FC00EB5DDB /* Sources */ = {
			isa = PBXSourcesBuildPhase;
			buildActionMask = 2147483647;
			files = (
				93911A27190B35F500EB5DDB /* CardViewController.m in Sources */,
				93911A0B190A07BF00EB5DDB /* CreateAccountViewController.m in Sources */,
				939119E8190A05FC00EB5DDB /* ViewController.m in Sources */,
				939119E2190A05FC00EB5DDB /* AppDelegate.m in Sources */,
				939119DE190A05FC00EB5DDB /* main.m in Sources */,
			);
			runOnlyForDeploymentPostprocessing = 0;
		};
		939119EB190A05FC00EB5DDB /* Sources */ = {
			isa = PBXSourcesBuildPhase;
			buildActionMask = 2147483647;
			files = (
				939119FD190A05FC00EB5DDB /* Mitek_HackathonTests.m in Sources */,
			);
			runOnlyForDeploymentPostprocessing = 0;
		};
/* End PBXSourcesBuildPhase section */

/* Begin PBXTargetDependency section */
		939119F5190A05FC00EB5DDB /* PBXTargetDependency */ = {
			isa = PBXTargetDependency;
			target = 939119CD190A05FC00EB5DDB /* Mitek Hackathon */;
			targetProxy = 939119F4190A05FC00EB5DDB /* PBXContainerItemProxy */;
		};
/* End PBXTargetDependency section */

/* Begin PBXVariantGroup section */
		939119DA190A05FC00EB5DDB /* InfoPlist.strings */ = {
			isa = PBXVariantGroup;
			children = (
				939119DB190A05FC00EB5DDB /* en */,
			);
			name = InfoPlist.strings;
			sourceTree = "<group>";
		};
		939119E3190A05FC00EB5DDB /* Main.storyboard */ = {
			isa = PBXVariantGroup;
			children = (
				939119E4190A05FC00EB5DDB /* Base */,
			);
			name = Main.storyboard;
			sourceTree = "<group>";
		};
		939119F9190A05FC00EB5DDB /* InfoPlist.strings */ = {
			isa = PBXVariantGroup;
			children = (
				939119FA190A05FC00EB5DDB /* en */,
			);
			name = InfoPlist.strings;
			sourceTree = "<group>";
		};
/* End PBXVariantGroup section */

/* Begin XCBuildConfiguration section */
		939119FE190A05FC00EB5DDB /* Debug */ = {
			isa = XCBuildConfiguration;
			buildSettings = {
				ALWAYS_SEARCH_USER_PATHS = NO;
				CLANG_CXX_LANGUAGE_STANDARD = "gnu++0x";
				CLANG_CXX_LIBRARY = "libc++";
				CLANG_ENABLE_MODULES = YES;
				CLANG_ENABLE_OBJC_ARC = YES;
				CLANG_WARN_BOOL_CONVERSION = YES;
				CLANG_WARN_CONSTANT_CONVERSION = YES;
				CLANG_WARN_DIRECT_OBJC_ISA_USAGE = YES_ERROR;
				CLANG_WARN_EMPTY_BODY = YES;
				CLANG_WARN_ENUM_CONVERSION = YES;
				CLANG_WARN_INT_CONVERSION = YES;
				CLANG_WARN_OBJC_ROOT_CLASS = YES_ERROR;
				CLANG_WARN__DUPLICATE_METHOD_MATCH = YES;
				"CODE_SIGN_IDENTITY[sdk=iphoneos*]" = "iPhone Developer";
				COPY_PHASE_STRIP = NO;
				GCC_C_LANGUAGE_STANDARD = gnu99;
				GCC_DYNAMIC_NO_PIC = NO;
				GCC_OPTIMIZATION_LEVEL = 0;
				GCC_PREPROCESSOR_DEFINITIONS = (
					"DEBUG=1",
					"$(inherited)",
				);
				GCC_SYMBOLS_PRIVATE_EXTERN = NO;
				GCC_WARN_64_TO_32_BIT_CONVERSION = YES;
				GCC_WARN_ABOUT_RETURN_TYPE = YES_ERROR;
				GCC_WARN_UNDECLARED_SELECTOR = YES;
				GCC_WARN_UNINITIALIZED_AUTOS = YES_AGGRESSIVE;
				GCC_WARN_UNUSED_FUNCTION = YES;
				GCC_WARN_UNUSED_VARIABLE = YES;
				IPHONEOS_DEPLOYMENT_TARGET = 6.1;
				"LIBRARY_SEARCH_PATHS[arch=*]" = "";
				ONLY_ACTIVE_ARCH = YES;
				SDKROOT = iphoneos;
				VALID_ARCHS = "arm64 armv7 armv7s";
			};
			name = Debug;
		};
		939119FF190A05FC00EB5DDB /* Release */ = {
			isa = XCBuildConfiguration;
			buildSettings = {
				ALWAYS_SEARCH_USER_PATHS = NO;
				CLANG_CXX_LANGUAGE_STANDARD = "gnu++0x";
				CLANG_CXX_LIBRARY = "libc++";
				CLANG_ENABLE_MODULES = YES;
				CLANG_ENABLE_OBJC_ARC = YES;
				CLANG_WARN_BOOL_CONVERSION = YES;
				CLANG_WARN_CONSTANT_CONVERSION = YES;
				CLANG_WARN_DIRECT_OBJC_ISA_USAGE = YES_ERROR;
				CLANG_WARN_EMPTY_BODY = YES;
				CLANG_WARN_ENUM_CONVERSION = YES;
				CLANG_WARN_INT_CONVERSION = YES;
				CLANG_WARN_OBJC_ROOT_CLASS = YES_ERROR;
				CLANG_WARN__DUPLICATE_METHOD_MATCH = YES;
				"CODE_SIGN_IDENTITY[sdk=iphoneos*]" = "iPhone Developer";
				COPY_PHASE_STRIP = YES;
				ENABLE_NS_ASSERTIONS = NO;
				GCC_C_LANGUAGE_STANDARD = gnu99;
				GCC_WARN_64_TO_32_BIT_CONVERSION = YES;
				GCC_WARN_ABOUT_RETURN_TYPE = YES_ERROR;
				GCC_WARN_UNDECLARED_SELECTOR = YES;
				GCC_WARN_UNINITIALIZED_AUTOS = YES_AGGRESSIVE;
				GCC_WARN_UNUSED_FUNCTION = YES;
				GCC_WARN_UNUSED_VARIABLE = YES;
				IPHONEOS_DEPLOYMENT_TARGET = 6.1;
				"LIBRARY_SEARCH_PATHS[arch=*]" = "";
				ONLY_ACTIVE_ARCH = YES;
				SDKROOT = iphoneos;
				VALIDATE_PRODUCT = YES;
				VALID_ARCHS = "arm64 armv7 armv7s";
			};
			name = Release;
		};
		93911A01190A05FC00EB5DDB /* Debug */ = {
			isa = XCBuildConfiguration;
			buildSettings = {
				"ARCHS[sdk=*]" = "$(ARCHS_STANDARD)";
				ASSETCATALOG_COMPILER_APPICON_NAME = AppIcon;
				ASSETCATALOG_COMPILER_LAUNCHIMAGE_NAME = LaunchImage;
				FRAMEWORK_SEARCH_PATHS = (
					"$(inherited)",
					"$(PROJECT_DIR)",
				);
				GCC_PRECOMPILE_PREFIX_HEADER = YES;
				GCC_PREFIX_HEADER = "Mitek Hackathon/Mitek Hackathon-Prefix.pch";
				INFOPLIST_FILE = "Mitek Hackathon/Mitek Hackathon-Info.plist";
				IPHONEOS_DEPLOYMENT_TARGET = 6.1;
				LIBRARY_SEARCH_PATHS = (
					"$(inherited)",
					"$(PROJECT_DIR)/Mitek",
					Hackathon,
					"$(PROJECT_DIR)/Mitek",
					Hackathon,
					"$(PROJECT_DIR)/Mitek",
					Hackathon,
					"$(PROJECT_DIR)/Mitek",
					Hackathon/misnapsdk,
					"$(PROJECT_DIR)/Mitek",
					Hackathon/misnapsdk,
				);
				OTHER_LDFLAGS = "-lstdc++";
				"OTHER_LDFLAGS[arch=*]" = "-lstdc++";
				PRODUCT_NAME = "$(TARGET_NAME)";
				VALID_ARCHS = "arm64 armv7 armv7s";
				WRAPPER_EXTENSION = app;
			};
			name = Debug;
		};
		93911A02190A05FC00EB5DDB /* Release */ = {
			isa = XCBuildConfiguration;
			buildSettings = {
				ASSETCATALOG_COMPILER_APPICON_NAME = AppIcon;
				ASSETCATALOG_COMPILER_LAUNCHIMAGE_NAME = LaunchImage;
				FRAMEWORK_SEARCH_PATHS = (
					"$(inherited)",
					"$(PROJECT_DIR)",
				);
				GCC_PRECOMPILE_PREFIX_HEADER = YES;
				GCC_PREFIX_HEADER = "Mitek Hackathon/Mitek Hackathon-Prefix.pch";
				INFOPLIST_FILE = "Mitek Hackathon/Mitek Hackathon-Info.plist";
				IPHONEOS_DEPLOYMENT_TARGET = 6.1;
				LIBRARY_SEARCH_PATHS = (
					"$(inherited)",
					"$(PROJECT_DIR)/Mitek",
					Hackathon,
					"$(PROJECT_DIR)/Mitek",
					Hackathon,
					"$(PROJECT_DIR)/Mitek",
					Hackathon,
					"$(PROJECT_DIR)/Mitek",
					Hackathon/misnapsdk,
					"$(PROJECT_DIR)/Mitek",
					Hackathon/misnapsdk,
				);
				OTHER_LDFLAGS = "-lstdc++";
				"OTHER_LDFLAGS[arch=*]" = "-lstdc++";
				PRODUCT_NAME = "$(TARGET_NAME)";
				VALID_ARCHS = "arm64 armv7 armv7s";
				WRAPPER_EXTENSION = app;
			};
			name = Release;
		};
		93911A04190A05FC00EB5DDB /* Debug */ = {
			isa = XCBuildConfiguration;
			buildSettings = {
				BUNDLE_LOADER = "$(BUILT_PRODUCTS_DIR)/Mitek Hackathon.app/Mitek Hackathon";
				FRAMEWORK_SEARCH_PATHS = (
					"$(SDKROOT)/Developer/Library/Frameworks",
					"$(inherited)",
					"$(DEVELOPER_FRAMEWORKS_DIR)",
				);
				GCC_PRECOMPILE_PREFIX_HEADER = YES;
				GCC_PREFIX_HEADER = "Mitek Hackathon/Mitek Hackathon-Prefix.pch";
				GCC_PREPROCESSOR_DEFINITIONS = (
					"DEBUG=1",
					"$(inherited)",
				);
				INFOPLIST_FILE = "Mitek HackathonTests/Mitek HackathonTests-Info.plist";
				PRODUCT_NAME = "$(TARGET_NAME)";
				TEST_HOST = "$(BUNDLE_LOADER)";
				WRAPPER_EXTENSION = xctest;
			};
			name = Debug;
		};
		93911A05190A05FC00EB5DDB /* Release */ = {
			isa = XCBuildConfiguration;
			buildSettings = {
				BUNDLE_LOADER = "$(BUILT_PRODUCTS_DIR)/Mitek Hackathon.app/Mitek Hackathon";
				FRAMEWORK_SEARCH_PATHS = (
					"$(SDKROOT)/Developer/Library/Frameworks",
					"$(inherited)",
					"$(DEVELOPER_FRAMEWORKS_DIR)",
				);
				GCC_PRECOMPILE_PREFIX_HEADER = YES;
				GCC_PREFIX_HEADER = "Mitek Hackathon/Mitek Hackathon-Prefix.pch";
				INFOPLIST_FILE = "Mitek HackathonTests/Mitek HackathonTests-Info.plist";
				PRODUCT_NAME = "$(TARGET_NAME)";
				TEST_HOST = "$(BUNDLE_LOADER)";
				WRAPPER_EXTENSION = xctest;
			};
			name = Release;
		};
/* End XCBuildConfiguration section */

/* Begin XCConfigurationList section */
		939119C9190A05FC00EB5DDB /* Build configuration list for PBXProject "Mitek Hackathon" */ = {
			isa = XCConfigurationList;
			buildConfigurations = (
				939119FE190A05FC00EB5DDB /* Debug */,
				939119FF190A05FC00EB5DDB /* Release */,
			);
			defaultConfigurationIsVisible = 0;
			defaultConfigurationName = Release;
		};
		93911A00190A05FC00EB5DDB /* Build configuration list for PBXNativeTarget "Mitek Hackathon" */ = {
			isa = XCConfigurationList;
			buildConfigurations = (
				93911A01190A05FC00EB5DDB /* Debug */,
				93911A02190A05FC00EB5DDB /* Release */,
			);
			defaultConfigurationIsVisible = 0;
			defaultConfigurationName = Release;
		};
		93911A03190A05FC00EB5DDB /* Build configuration list for PBXNativeTarget "Mitek HackathonTests" */ = {
			isa = XCConfigurationList;
			buildConfigurations = (
				93911A04190A05FC00EB5DDB /* Debug */,
				93911A05190A05FC00EB5DDB /* Release */,
			);
			defaultConfigurationIsVisible = 0;
			defaultConfigurationName = Release;
		};
/* End XCConfigurationList section */
	};
	rootObject = 939119C6190A05FC00EB5DDB /* Project object */;
}
